
Microsoft Visual Studio Solution File, Format Version 12.00
# Visual Studio 15
VisualStudioVersion = 15.0.27703.2018
MinimumVisualStudioVersion = 10.0.40219.1
Project("{FAE04EC0-301F-11D3-BF4B-00C04F79EFBC}") = "TVSLSL.Automation.Core", "TVSLSL.Automation.Core\TVSLSL.Automation.Core.csproj", "{867C4219-21A9-4411-9D4D-9F9B729AE533}"
EndProject
Project("{FAE04EC0-301F-11D3-BF4B-00C04F79EFBC}") = "TVSLSL.Automation.RVW", "TVSLSL.Automation.RVW\TVSLSL.Automation.RVW.csproj", "{28F69C16-988B-4102-A8CF-065645D4D178}"
	ProjectSection(ProjectDependencies) = postProject
		{867C4219-21A9-4411-9D4D-9F9B729AE533} = {867C4219-21A9-4411-9D4D-9F9B729AE533}
	EndProjectSection
EndProject
Project("{FAE04EC0-301F-11D3-BF4B-00C04F79EFBC}") = "TVSLSL.Automation.ERP", "TVSLSL.Automation.ERP\TVSLSL.Automation.ERP.csproj", "{9231778B-38C3-44CF-8A12-51713B75F2FB}"
EndProject
Global
	GlobalSection(SolutionConfigurationPlatforms) = preSolution
		Debug|Any CPU = Debug|Any CPU
		Release|Any CPU = Release|Any CPU
	EndGlobalSection
	GlobalSection(ProjectConfigurationPlatforms) = postSolution
		{867C4219-21A9-4411-9D4D-9F9B729AE533}.Debug|Any CPU.ActiveCfg = Debug|Any CPU
		{867C4219-21A9-4411-9D4D-9F9B729AE533}.Debug|Any CPU.Build.0 = Debug|Any CPU
		{867C4219-21A9-4411-9D4D-9F9B729AE533}.Release|Any CPU.ActiveCfg = Release|Any CPU
		{867C4219-21A9-4411-9D4D-9F9B729AE533}.Release|Any CPU.Build.0 = Release|Any CPU
		{28F69C16-988B-4102-A8CF-065645D4D178}.Debug|Any CPU.ActiveCfg = Debug|Any CPU
		{28F69C16-988B-4102-A8CF-065645D4D178}.Debug|Any CPU.Build.0 = Debug|Any CPU
		{28F69C16-988B-4102-A8CF-065645D4D178}.Release|Any CPU.ActiveCfg = Release|Any CPU
		{28F69C16-988B-4102-A8CF-065645D4D178}.Release|Any CPU.Build.0 = Release|Any CPU
		{9231778B-38C3-44CF-8A12-51713B75F2FB}.Debug|Any CPU.ActiveCfg = Debug|Any CPU
		{9231778B-38C3-44CF-8A12-51713B75F2FB}.Debug|Any CPU.Build.0 = Debug|Any CPU
		{9231778B-38C3-44CF-8A12-51713B75F2FB}.Release|Any CPU.ActiveCfg = Release|Any CPU
		{9231778B-38C3-44CF-8A12-51713B75F2FB}.Release|Any CPU.Build.0 = Release|Any CPU
	EndGlobalSection
	GlobalSection(SolutionProperties) = preSolution
		HideSolutionNode = FALSE
	EndGlobalSection
	GlobalSection(ExtensibilityGlobals) = postSolution
		SolutionGuid = {0A8497C7-6D0B-437D-B8FD-84FE8FD2845E}
	EndGlobalSection
EndGlobal
